
Microsoft Visual Studio Solution File, Format Version 12.00
# Visual Studio Version 17
VisualStudioVersion = 17.4.33213.308
MinimumVisualStudioVersion = 10.0.40219.1
Project("{9A19103F-16F7-4668-BE54-9A1E7A4F7556}") = "CQ.AuthProvider.WebApi", "CQ.AuthProvider.WebApi\CQ.AuthProvider.WebApi.csproj", "{31A62A59-AB76-4A0D-936E-5F23F00BC20E}"
EndProject
Project("{2150E333-8FDC-42A3-9474-1A3956D46DE8}") = "Solution Items", "Solution Items", "{EC43C847-B1D6-4AF5-A164-0E975CB0AB15}"
	ProjectSection(SolutionItems) = preProject
		.dockerignore = .dockerignore
		.editorconfig = .editorconfig
		.gitignore = .gitignore
		Directory.Build.props = Directory.Build.props
		docker-compose.yml = docker-compose.yml
		Dockerfile = Dockerfile
		execute-ef-command-auth-provider.bat = execute-ef-command-auth-provider.bat
		execute-ef-command-identity-provider.bat = execute-ef-command-identity-provider.bat
		README.md = README.md
	EndProjectSection
EndProject
Project("{9A19103F-16F7-4668-BE54-9A1E7A4F7556}") = "CQ.AuthProvider.DataAccess.EfCore", "CQ.AuthProvider.DataAccess.EfCore\CQ.AuthProvider.DataAccess.EfCore.csproj", "{9E546418-5584-49F5-A720-F403E97D0904}"
EndProject
Project("{9A19103F-16F7-4668-BE54-9A1E7A4F7556}") = "CQ.IdentityProvider.EfCore", "CQ.IdentityProvider.EfCore\CQ.IdentityProvider.EfCore.csproj", "{FD739702-BAEA-4F79-BA7D-7C6888C13C6D}"
EndProject
Project("{2150E333-8FDC-42A3-9474-1A3956D46DE8}") = "src", "src", "{60573164-8477-4A1D-960D-F1D899DF612E}"
EndProject
Project("{2150E333-8FDC-42A3-9474-1A3956D46DE8}") = "Infraestructure", "Infraestructure", "{1943B42B-4A75-4267-81BC-B569CB0F400F}"
EndProject
Project("{9A19103F-16F7-4668-BE54-9A1E7A4F7556}") = "CQ.AuthProvider.BusinessLogic", "CQ.AuthProvider.BusinessLogic\CQ.AuthProvider.BusinessLogic.csproj", "{C0CB8C7C-83A7-4ACF-90E6-F05FA7D84D01}"
EndProject
Project("{9A19103F-16F7-4668-BE54-9A1E7A4F7556}") = "CQ.AuthProvider.Abstractions", "CQ.AuthProvider.Abstractions\CQ.AuthProvider.Abstractions.csproj", "{D641F102-3F9B-49F7-BDE8-15C970D992B0}"
EndProject
Project("{FAE04EC0-301F-11D3-BF4B-00C04F79EFBC}") = "CQ.AuthProvider.Sql.Migrations", "CQ.AuthProvider.Sql.Migrations\CQ.AuthProvider.Sql.Migrations.csproj", "{2CDEFCB6-C661-4A0C-A801-513D407BA8A2}"
EndProject
Project("{FAE04EC0-301F-11D3-BF4B-00C04F79EFBC}") = "CQ.AuthProvider.Postgres.Migrations", "CQ.AuthProvider.Postgres.Migrations\CQ.AuthProvider.Postgres.Migrations.csproj", "{5CAF8E73-FA44-4EEE-84A3-5C6ECD89F044}"
EndProject
Global
	GlobalSection(SolutionConfigurationPlatforms) = preSolution
		Debug|Any CPU = Debug|Any CPU
		Release|Any CPU = Release|Any CPU
	EndGlobalSection
	GlobalSection(ProjectConfigurationPlatforms) = postSolution
		{31A62A59-AB76-4A0D-936E-5F23F00BC20E}.Debug|Any CPU.ActiveCfg = Debug|Any CPU
		{31A62A59-AB76-4A0D-936E-5F23F00BC20E}.Debug|Any CPU.Build.0 = Debug|Any CPU
		{31A62A59-AB76-4A0D-936E-5F23F00BC20E}.Release|Any CPU.ActiveCfg = Release|Any CPU
		{31A62A59-AB76-4A0D-936E-5F23F00BC20E}.Release|Any CPU.Build.0 = Release|Any CPU
		{9E546418-5584-49F5-A720-F403E97D0904}.Debug|Any CPU.ActiveCfg = Debug|Any CPU
		{9E546418-5584-49F5-A720-F403E97D0904}.Debug|Any CPU.Build.0 = Debug|Any CPU
		{9E546418-5584-49F5-A720-F403E97D0904}.Release|Any CPU.ActiveCfg = Release|Any CPU
		{9E546418-5584-49F5-A720-F403E97D0904}.Release|Any CPU.Build.0 = Release|Any CPU
		{FD739702-BAEA-4F79-BA7D-7C6888C13C6D}.Debug|Any CPU.ActiveCfg = Debug|Any CPU
		{FD739702-BAEA-4F79-BA7D-7C6888C13C6D}.Debug|Any CPU.Build.0 = Debug|Any CPU
		{FD739702-BAEA-4F79-BA7D-7C6888C13C6D}.Release|Any CPU.ActiveCfg = Release|Any CPU
		{FD739702-BAEA-4F79-BA7D-7C6888C13C6D}.Release|Any CPU.Build.0 = Release|Any CPU
		{C0CB8C7C-83A7-4ACF-90E6-F05FA7D84D01}.Debug|Any CPU.ActiveCfg = Debug|Any CPU
		{C0CB8C7C-83A7-4ACF-90E6-F05FA7D84D01}.Debug|Any CPU.Build.0 = Debug|Any CPU
		{C0CB8C7C-83A7-4ACF-90E6-F05FA7D84D01}.Release|Any CPU.ActiveCfg = Release|Any CPU
		{C0CB8C7C-83A7-4ACF-90E6-F05FA7D84D01}.Release|Any CPU.Build.0 = Release|Any CPU
		{D641F102-3F9B-49F7-BDE8-15C970D992B0}.Debug|Any CPU.ActiveCfg = Debug|Any CPU
		{D641F102-3F9B-49F7-BDE8-15C970D992B0}.Debug|Any CPU.Build.0 = Debug|Any CPU
		{D641F102-3F9B-49F7-BDE8-15C970D992B0}.Release|Any CPU.ActiveCfg = Release|Any CPU
		{D641F102-3F9B-49F7-BDE8-15C970D992B0}.Release|Any CPU.Build.0 = Release|Any CPU
		{2CDEFCB6-C661-4A0C-A801-513D407BA8A2}.Debug|Any CPU.ActiveCfg = Debug|Any CPU
		{2CDEFCB6-C661-4A0C-A801-513D407BA8A2}.Debug|Any CPU.Build.0 = Debug|Any CPU
		{2CDEFCB6-C661-4A0C-A801-513D407BA8A2}.Release|Any CPU.ActiveCfg = Release|Any CPU
		{2CDEFCB6-C661-4A0C-A801-513D407BA8A2}.Release|Any CPU.Build.0 = Release|Any CPU
		{5CAF8E73-FA44-4EEE-84A3-5C6ECD89F044}.Debug|Any CPU.ActiveCfg = Debug|Any CPU
		{5CAF8E73-FA44-4EEE-84A3-5C6ECD89F044}.Debug|Any CPU.Build.0 = Debug|Any CPU
		{5CAF8E73-FA44-4EEE-84A3-5C6ECD89F044}.Release|Any CPU.ActiveCfg = Release|Any CPU
		{5CAF8E73-FA44-4EEE-84A3-5C6ECD89F044}.Release|Any CPU.Build.0 = Release|Any CPU
	EndGlobalSection
	GlobalSection(SolutionProperties) = preSolution
		HideSolutionNode = FALSE
	EndGlobalSection
	GlobalSection(NestedProjects) = preSolution
		{31A62A59-AB76-4A0D-936E-5F23F00BC20E} = {60573164-8477-4A1D-960D-F1D899DF612E}
		{9E546418-5584-49F5-A720-F403E97D0904} = {1943B42B-4A75-4267-81BC-B569CB0F400F}
		{FD739702-BAEA-4F79-BA7D-7C6888C13C6D} = {1943B42B-4A75-4267-81BC-B569CB0F400F}
		{1943B42B-4A75-4267-81BC-B569CB0F400F} = {60573164-8477-4A1D-960D-F1D899DF612E}
		{C0CB8C7C-83A7-4ACF-90E6-F05FA7D84D01} = {60573164-8477-4A1D-960D-F1D899DF612E}
		{D641F102-3F9B-49F7-BDE8-15C970D992B0} = {60573164-8477-4A1D-960D-F1D899DF612E}
		{2CDEFCB6-C661-4A0C-A801-513D407BA8A2} = {1943B42B-4A75-4267-81BC-B569CB0F400F}
		{5CAF8E73-FA44-4EEE-84A3-5C6ECD89F044} = {1943B42B-4A75-4267-81BC-B569CB0F400F}
	EndGlobalSection
	GlobalSection(ExtensibilityGlobals) = postSolution
		SolutionGuid = {1E735191-9CD7-4B16-A9B1-296B3D817C3F}
	EndGlobalSection
EndGlobal
